
Microsoft Visual Studio Solution File, Format Version 12.00
# Visual Studio 2013
VisualStudioVersion = 12.0.31101.0
MinimumVisualStudioVersion = 10.0.40219.1
Project("{FAE04EC0-301F-11D3-BF4B-00C04F79EFBC}") = "VisugDemo", "VisugDemo\VisugDemo\VisugDemo.csproj", "{C9E113A6-A43D-40C6-ADBF-FDBBAE77DEF4}"
EndProject
Project("{FAE04EC0-301F-11D3-BF4B-00C04F79EFBC}") = "VisugDemo.iOS", "VisugDemo\VisugDemo.iOS\VisugDemo.iOS.csproj", "{0B9E98FF-BABC-4E66-B175-0AE9BBB2390C}"
EndProject
Project("{FAE04EC0-301F-11D3-BF4B-00C04F79EFBC}") = "VisugDemo.Droid", "VisugDemo\VisugDemo.Droid\VisugDemo.Droid.csproj", "{D23EF689-9D00-462F-BA64-2DF2859C7037}"
EndProject
Project("{FAE04EC0-301F-11D3-BF4B-00C04F79EFBC}") = "VisugDemo.WinPhone", "VisugDemo\VisugDemo.WinPhone\VisugDemo.WinPhone.csproj", "{6743759C-706D-4913-BF74-CF9E5E3B51C8}"
EndProject
Global
	GlobalSection(SolutionConfigurationPlatforms) = preSolution
		Ad-Hoc|Any CPU = Ad-Hoc|Any CPU
		Ad-Hoc|ARM = Ad-Hoc|ARM
		Ad-Hoc|iPhone = Ad-Hoc|iPhone
		Ad-Hoc|iPhoneSimulator = Ad-Hoc|iPhoneSimulator
		Ad-Hoc|Mixed Platforms = Ad-Hoc|Mixed Platforms
		Ad-Hoc|x86 = Ad-Hoc|x86
		AppStore|Any CPU = AppStore|Any CPU
		AppStore|ARM = AppStore|ARM
		AppStore|iPhone = AppStore|iPhone
		AppStore|iPhoneSimulator = AppStore|iPhoneSimulator
		AppStore|Mixed Platforms = AppStore|Mixed Platforms
		AppStore|x86 = AppStore|x86
		Debug|Any CPU = Debug|Any CPU
		Debug|ARM = Debug|ARM
		Debug|iPhone = Debug|iPhone
		Debug|iPhoneSimulator = Debug|iPhoneSimulator
		Debug|Mixed Platforms = Debug|Mixed Platforms
		Debug|x86 = Debug|x86
		Release|Any CPU = Release|Any CPU
		Release|ARM = Release|ARM
		Release|iPhone = Release|iPhone
		Release|iPhoneSimulator = Release|iPhoneSimulator
		Release|Mixed Platforms = Release|Mixed Platforms
		Release|x86 = Release|x86
	EndGlobalSection
	GlobalSection(ProjectConfigurationPlatforms) = postSolution
		{C9E113A6-A43D-40C6-ADBF-FDBBAE77DEF4}.Ad-Hoc|Any CPU.ActiveCfg = Release|Any CPU
		{C9E113A6-A43D-40C6-ADBF-FDBBAE77DEF4}.Ad-Hoc|Any CPU.Build.0 = Release|Any CPU
		{C9E113A6-A43D-40C6-ADBF-FDBBAE77DEF4}.Ad-Hoc|ARM.ActiveCfg = Release|Any CPU
		{C9E113A6-A43D-40C6-ADBF-FDBBAE77DEF4}.Ad-Hoc|iPhone.ActiveCfg = Release|Any CPU
		{C9E113A6-A43D-40C6-ADBF-FDBBAE77DEF4}.Ad-Hoc|iPhoneSimulator.ActiveCfg = Release|Any CPU
		{C9E113A6-A43D-40C6-ADBF-FDBBAE77DEF4}.Ad-Hoc|Mixed Platforms.ActiveCfg = Release|Any CPU
		{C9E113A6-A43D-40C6-ADBF-FDBBAE77DEF4}.Ad-Hoc|Mixed Platforms.Build.0 = Release|Any CPU
		{C9E113A6-A43D-40C6-ADBF-FDBBAE77DEF4}.Ad-Hoc|x86.ActiveCfg = Release|Any CPU
		{C9E113A6-A43D-40C6-ADBF-FDBBAE77DEF4}.AppStore|Any CPU.ActiveCfg = Release|Any CPU
		{C9E113A6-A43D-40C6-ADBF-FDBBAE77DEF4}.AppStore|Any CPU.Build.0 = Release|Any CPU
		{C9E113A6-A43D-40C6-ADBF-FDBBAE77DEF4}.AppStore|ARM.ActiveCfg = Release|Any CPU
		{C9E113A6-A43D-40C6-ADBF-FDBBAE77DEF4}.AppStore|iPhone.ActiveCfg = Release|Any CPU
		{C9E113A6-A43D-40C6-ADBF-FDBBAE77DEF4}.AppStore|iPhoneSimulator.ActiveCfg = Release|Any CPU
		{C9E113A6-A43D-40C6-ADBF-FDBBAE77DEF4}.AppStore|Mixed Platforms.ActiveCfg = Release|Any CPU
		{C9E113A6-A43D-40C6-ADBF-FDBBAE77DEF4}.AppStore|Mixed Platforms.Build.0 = Release|Any CPU
		{C9E113A6-A43D-40C6-ADBF-FDBBAE77DEF4}.AppStore|x86.ActiveCfg = Release|Any CPU
		{C9E113A6-A43D-40C6-ADBF-FDBBAE77DEF4}.Debug|Any CPU.ActiveCfg = Debug|Any CPU
		{C9E113A6-A43D-40C6-ADBF-FDBBAE77DEF4}.Debug|Any CPU.Build.0 = Debug|Any CPU
		{C9E113A6-A43D-40C6-ADBF-FDBBAE77DEF4}.Debug|ARM.ActiveCfg = Debug|Any CPU
		{C9E113A6-A43D-40C6-ADBF-FDBBAE77DEF4}.Debug|iPhone.ActiveCfg = Debug|Any CPU
		{C9E113A6-A43D-40C6-ADBF-FDBBAE77DEF4}.Debug|iPhone.Build.0 = Debug|Any CPU
		{C9E113A6-A43D-40C6-ADBF-FDBBAE77DEF4}.Debug|iPhoneSimulator.ActiveCfg = Debug|Any CPU
		{C9E113A6-A43D-40C6-ADBF-FDBBAE77DEF4}.Debug|iPhoneSimulator.Build.0 = Debug|Any CPU
		{C9E113A6-A43D-40C6-ADBF-FDBBAE77DEF4}.Debug|Mixed Platforms.ActiveCfg = Debug|Any CPU
		{C9E113A6-A43D-40C6-ADBF-FDBBAE77DEF4}.Debug|Mixed Platforms.Build.0 = Debug|Any CPU
		{C9E113A6-A43D-40C6-ADBF-FDBBAE77DEF4}.Debug|x86.ActiveCfg = Debug|Any CPU
		{C9E113A6-A43D-40C6-ADBF-FDBBAE77DEF4}.Release|Any CPU.ActiveCfg = Release|Any CPU
		{C9E113A6-A43D-40C6-ADBF-FDBBAE77DEF4}.Release|Any CPU.Build.0 = Release|Any CPU
		{C9E113A6-A43D-40C6-ADBF-FDBBAE77DEF4}.Release|ARM.ActiveCfg = Release|Any CPU
		{C9E113A6-A43D-40C6-ADBF-FDBBAE77DEF4}.Release|iPhone.ActiveCfg = Release|Any CPU
		{C9E113A6-A43D-40C6-ADBF-FDBBAE77DEF4}.Release|iPhoneSimulator.ActiveCfg = Release|Any CPU
		{C9E113A6-A43D-40C6-ADBF-FDBBAE77DEF4}.Release|Mixed Platforms.ActiveCfg = Release|Any CPU
		{C9E113A6-A43D-40C6-ADBF-FDBBAE77DEF4}.Release|Mixed Platforms.Build.0 = Release|Any CPU
		{C9E113A6-A43D-40C6-ADBF-FDBBAE77DEF4}.Release|x86.ActiveCfg = Release|Any CPU
		{0B9E98FF-BABC-4E66-B175-0AE9BBB2390C}.Ad-Hoc|Any CPU.ActiveCfg = Ad-Hoc|iPhone
		{0B9E98FF-BABC-4E66-B175-0AE9BBB2390C}.Ad-Hoc|ARM.ActiveCfg = Ad-Hoc|iPhone
		{0B9E98FF-BABC-4E66-B175-0AE9BBB2390C}.Ad-Hoc|iPhone.ActiveCfg = Ad-Hoc|iPhone
		{0B9E98FF-BABC-4E66-B175-0AE9BBB2390C}.Ad-Hoc|iPhone.Build.0 = Ad-Hoc|iPhone
		{0B9E98FF-BABC-4E66-B175-0AE9BBB2390C}.Ad-Hoc|iPhoneSimulator.ActiveCfg = Ad-Hoc|iPhoneSimulator
		{0B9E98FF-BABC-4E66-B175-0AE9BBB2390C}.Ad-Hoc|iPhoneSimulator.Build.0 = Ad-Hoc|iPhoneSimulator
		{0B9E98FF-BABC-4E66-B175-0AE9BBB2390C}.Ad-Hoc|Mixed Platforms.ActiveCfg = Ad-Hoc|iPhone
		{0B9E98FF-BABC-4E66-B175-0AE9BBB2390C}.Ad-Hoc|Mixed Platforms.Build.0 = Ad-Hoc|iPhone
		{0B9E98FF-BABC-4E66-B175-0AE9BBB2390C}.Ad-Hoc|x86.ActiveCfg = Ad-Hoc|iPhone
		{0B9E98FF-BABC-4E66-B175-0AE9BBB2390C}.AppStore|Any CPU.ActiveCfg = AppStore|iPhone
		{0B9E98FF-BABC-4E66-B175-0AE9BBB2390C}.AppStore|ARM.ActiveCfg = AppStore|iPhone
		{0B9E98FF-BABC-4E66-B175-0AE9BBB2390C}.AppStore|iPhone.ActiveCfg = AppStore|iPhone
		{0B9E98FF-BABC-4E66-B175-0AE9BBB2390C}.AppStore|iPhone.Build.0 = AppStore|iPhone
		{0B9E98FF-BABC-4E66-B175-0AE9BBB2390C}.AppStore|iPhoneSimulator.ActiveCfg = AppStore|iPhoneSimulator
		{0B9E98FF-BABC-4E66-B175-0AE9BBB2390C}.AppStore|iPhoneSimulator.Build.0 = AppStore|iPhoneSimulator
		{0B9E98FF-BABC-4E66-B175-0AE9BBB2390C}.AppStore|Mixed Platforms.ActiveCfg = AppStore|iPhone
		{0B9E98FF-BABC-4E66-B175-0AE9BBB2390C}.AppStore|Mixed Platforms.Build.0 = AppStore|iPhone
		{0B9E98FF-BABC-4E66-B175-0AE9BBB2390C}.AppStore|x86.ActiveCfg = AppStore|iPhone
		{0B9E98FF-BABC-4E66-B175-0AE9BBB2390C}.Debug|Any CPU.ActiveCfg = Debug|iPhone
		{0B9E98FF-BABC-4E66-B175-0AE9BBB2390C}.Debug|ARM.ActiveCfg = Debug|iPhone
		{0B9E98FF-BABC-4E66-B175-0AE9BBB2390C}.Debug|iPhone.ActiveCfg = Debug|iPhone
		{0B9E98FF-BABC-4E66-B175-0AE9BBB2390C}.Debug|iPhone.Build.0 = Debug|iPhone
		{0B9E98FF-BABC-4E66-B175-0AE9BBB2390C}.Debug|iPhoneSimulator.ActiveCfg = Debug|iPhoneSimulator
		{0B9E98FF-BABC-4E66-B175-0AE9BBB2390C}.Debug|iPhoneSimulator.Build.0 = Debug|iPhoneSimulator
		{0B9E98FF-BABC-4E66-B175-0AE9BBB2390C}.Debug|Mixed Platforms.ActiveCfg = Debug|iPhone
		{0B9E98FF-BABC-4E66-B175-0AE9BBB2390C}.Debug|Mixed Platforms.Build.0 = Debug|iPhone
		{0B9E98FF-BABC-4E66-B175-0AE9BBB2390C}.Debug|x86.ActiveCfg = Debug|iPhone
		{0B9E98FF-BABC-4E66-B175-0AE9BBB2390C}.Release|Any CPU.ActiveCfg = Release|iPhone
		{0B9E98FF-BABC-4E66-B175-0AE9BBB2390C}.Release|ARM.ActiveCfg = Release|iPhone
		{0B9E98FF-BABC-4E66-B175-0AE9BBB2390C}.Release|iPhone.ActiveCfg = Release|iPhone
		{0B9E98FF-BABC-4E66-B175-0AE9BBB2390C}.Release|iPhone.Build.0 = Release|iPhone
		{0B9E98FF-BABC-4E66-B175-0AE9BBB2390C}.Release|iPhoneSimulator.ActiveCfg = Release|iPhoneSimulator
		{0B9E98FF-BABC-4E66-B175-0AE9BBB2390C}.Release|iPhoneSimulator.Build.0 = Release|iPhoneSimulator
		{0B9E98FF-BABC-4E66-B175-0AE9BBB2390C}.Release|Mixed Platforms.ActiveCfg = Release|iPhone
		{0B9E98FF-BABC-4E66-B175-0AE9BBB2390C}.Release|Mixed Platforms.Build.0 = Release|iPhone
		{0B9E98FF-BABC-4E66-B175-0AE9BBB2390C}.Release|x86.ActiveCfg = Release|iPhone
		{D23EF689-9D00-462F-BA64-2DF2859C7037}.Ad-Hoc|Any CPU.ActiveCfg = Release|Any CPU
		{D23EF689-9D00-462F-BA64-2DF2859C7037}.Ad-Hoc|Any CPU.Build.0 = Release|Any CPU
		{D23EF689-9D00-462F-BA64-2DF2859C7037}.Ad-Hoc|Any CPU.Deploy.0 = Release|Any CPU
		{D23EF689-9D00-462F-BA64-2DF2859C7037}.Ad-Hoc|ARM.ActiveCfg = Release|Any CPU
		{D23EF689-9D00-462F-BA64-2DF2859C7037}.Ad-Hoc|iPhone.ActiveCfg = Release|Any CPU
		{D23EF689-9D00-462F-BA64-2DF2859C7037}.Ad-Hoc|iPhoneSimulator.ActiveCfg = Release|Any CPU
		{D23EF689-9D00-462F-BA64-2DF2859C7037}.Ad-Hoc|Mixed Platforms.ActiveCfg = Release|Any CPU
		{D23EF689-9D00-462F-BA64-2DF2859C7037}.Ad-Hoc|Mixed Platforms.Build.0 = Release|Any CPU
		{D23EF689-9D00-462F-BA64-2DF2859C7037}.Ad-Hoc|Mixed Platforms.Deploy.0 = Release|Any CPU
		{D23EF689-9D00-462F-BA64-2DF2859C7037}.Ad-Hoc|x86.ActiveCfg = Release|Any CPU
		{D23EF689-9D00-462F-BA64-2DF2859C7037}.AppStore|Any CPU.ActiveCfg = Release|Any CPU
		{D23EF689-9D00-462F-BA64-2DF2859C7037}.AppStore|Any CPU.Build.0 = Release|Any CPU
		{D23EF689-9D00-462F-BA64-2DF2859C7037}.AppStore|Any CPU.Deploy.0 = Release|Any CPU
		{D23EF689-9D00-462F-BA64-2DF2859C7037}.AppStore|ARM.ActiveCfg = Release|Any CPU
		{D23EF689-9D00-462F-BA64-2DF2859C7037}.AppStore|iPhone.ActiveCfg = Release|Any CPU
		{D23EF689-9D00-462F-BA64-2DF2859C7037}.AppStore|iPhoneSimulator.ActiveCfg = Release|Any CPU
		{D23EF689-9D00-462F-BA64-2DF2859C7037}.AppStore|Mixed Platforms.ActiveCfg = Release|Any CPU
		{D23EF689-9D00-462F-BA64-2DF2859C7037}.AppStore|Mixed Platforms.Build.0 = Release|Any CPU
		{D23EF689-9D00-462F-BA64-2DF2859C7037}.AppStore|Mixed Platforms.Deploy.0 = Release|Any CPU
		{D23EF689-9D00-462F-BA64-2DF2859C7037}.AppStore|x86.ActiveCfg = Release|Any CPU
		{D23EF689-9D00-462F-BA64-2DF2859C7037}.Debug|Any CPU.ActiveCfg = Debug|Any CPU
		{D23EF689-9D00-462F-BA64-2DF2859C7037}.Debug|Any CPU.Build.0 = Debug|Any CPU
		{D23EF689-9D00-462F-BA64-2DF2859C7037}.Debug|Any CPU.Deploy.0 = Debug|Any CPU
		{D23EF689-9D00-462F-BA64-2DF2859C7037}.Debug|ARM.ActiveCfg = Debug|Any CPU
		{D23EF689-9D00-462F-BA64-2DF2859C7037}.Debug|iPhone.ActiveCfg = Debug|Any CPU
		{D23EF689-9D00-462F-BA64-2DF2859C7037}.Debug|iPhoneSimulator.ActiveCfg = Debug|Any CPU
		{D23EF689-9D00-462F-BA64-2DF2859C7037}.Debug|Mixed Platforms.ActiveCfg = Debug|Any CPU
		{D23EF689-9D00-462F-BA64-2DF2859C7037}.Debug|Mixed Platforms.Build.0 = Debug|Any CPU
		{D23EF689-9D00-462F-BA64-2DF2859C7037}.Debug|Mixed Platforms.Deploy.0 = Debug|Any CPU
		{D23EF689-9D00-462F-BA64-2DF2859C7037}.Debug|x86.ActiveCfg = Debug|Any CPU
		{D23EF689-9D00-462F-BA64-2DF2859C7037}.Release|Any CPU.ActiveCfg = Release|Any CPU
		{D23EF689-9D00-462F-BA64-2DF2859C7037}.Release|Any CPU.Build.0 = Release|Any CPU
		{D23EF689-9D00-462F-BA64-2DF2859C7037}.Release|Any CPU.Deploy.0 = Release|Any CPU
		{D23EF689-9D00-462F-BA64-2DF2859C7037}.Release|ARM.ActiveCfg = Release|Any CPU
		{D23EF689-9D00-462F-BA64-2DF2859C7037}.Release|iPhone.ActiveCfg = Release|Any CPU
		{D23EF689-9D00-462F-BA64-2DF2859C7037}.Release|iPhoneSimulator.ActiveCfg = Release|Any CPU
		{D23EF689-9D00-462F-BA64-2DF2859C7037}.Release|Mixed Platforms.ActiveCfg = Release|Any CPU
		{D23EF689-9D00-462F-BA64-2DF2859C7037}.Release|Mixed Platforms.Build.0 = Release|Any CPU
		{D23EF689-9D00-462F-BA64-2DF2859C7037}.Release|Mixed Platforms.Deploy.0 = Release|Any CPU
		{D23EF689-9D00-462F-BA64-2DF2859C7037}.Release|x86.ActiveCfg = Release|Any CPU
		{6743759C-706D-4913-BF74-CF9E5E3B51C8}.Ad-Hoc|Any CPU.ActiveCfg = Release|Any CPU
		{6743759C-706D-4913-BF74-CF9E5E3B51C8}.Ad-Hoc|Any CPU.Build.0 = Release|Any CPU
		{6743759C-706D-4913-BF74-CF9E5E3B51C8}.Ad-Hoc|Any CPU.Deploy.0 = Release|Any CPU
		{6743759C-706D-4913-BF74-CF9E5E3B51C8}.Ad-Hoc|ARM.ActiveCfg = Release|ARM
		{6743759C-706D-4913-BF74-CF9E5E3B51C8}.Ad-Hoc|ARM.Build.0 = Release|ARM
		{6743759C-706D-4913-BF74-CF9E5E3B51C8}.Ad-Hoc|ARM.Deploy.0 = Release|ARM
		{6743759C-706D-4913-BF74-CF9E5E3B51C8}.Ad-Hoc|iPhone.ActiveCfg = Release|Any CPU
		{6743759C-706D-4913-BF74-CF9E5E3B51C8}.Ad-Hoc|iPhoneSimulator.ActiveCfg = Release|Any CPU
		{6743759C-706D-4913-BF74-CF9E5E3B51C8}.Ad-Hoc|Mixed Platforms.ActiveCfg = Release|x86
		{6743759C-706D-4913-BF74-CF9E5E3B51C8}.Ad-Hoc|Mixed Platforms.Build.0 = Release|x86
		{6743759C-706D-4913-BF74-CF9E5E3B51C8}.Ad-Hoc|Mixed Platforms.Deploy.0 = Release|x86
		{6743759C-706D-4913-BF74-CF9E5E3B51C8}.Ad-Hoc|x86.ActiveCfg = Release|x86
		{6743759C-706D-4913-BF74-CF9E5E3B51C8}.Ad-Hoc|x86.Build.0 = Release|x86
		{6743759C-706D-4913-BF74-CF9E5E3B51C8}.Ad-Hoc|x86.Deploy.0 = Release|x86
		{6743759C-706D-4913-BF74-CF9E5E3B51C8}.AppStore|Any CPU.ActiveCfg = Release|Any CPU
		{6743759C-706D-4913-BF74-CF9E5E3B51C8}.AppStore|Any CPU.Build.0 = Release|Any CPU
		{6743759C-706D-4913-BF74-CF9E5E3B51C8}.AppStore|Any CPU.Deploy.0 = Release|Any CPU
		{6743759C-706D-4913-BF74-CF9E5E3B51C8}.AppStore|ARM.ActiveCfg = Release|ARM
		{6743759C-706D-4913-BF74-CF9E5E3B51C8}.AppStore|ARM.Build.0 = Release|ARM
		{6743759C-706D-4913-BF74-CF9E5E3B51C8}.AppStore|ARM.Deploy.0 = Release|ARM
		{6743759C-706D-4913-BF74-CF9E5E3B51C8}.AppStore|iPhone.ActiveCfg = Release|Any CPU
		{6743759C-706D-4913-BF74-CF9E5E3B51C8}.AppStore|iPhoneSimulator.ActiveCfg = Release|Any CPU
		{6743759C-706D-4913-BF74-CF9E5E3B51C8}.AppStore|Mixed Platforms.ActiveCfg = Release|x86
		{6743759C-706D-4913-BF74-CF9E5E3B51C8}.AppStore|Mixed Platforms.Build.0 = Release|x86
		{6743759C-706D-4913-BF74-CF9E5E3B51C8}.AppStore|Mixed Platforms.Deploy.0 = Release|x86
		{6743759C-706D-4913-BF74-CF9E5E3B51C8}.AppStore|x86.ActiveCfg = Release|x86
		{6743759C-706D-4913-BF74-CF9E5E3B51C8}.AppStore|x86.Build.0 = Release|x86
		{6743759C-706D-4913-BF74-CF9E5E3B51C8}.AppStore|x86.Deploy.0 = Release|x86
		{6743759C-706D-4913-BF74-CF9E5E3B51C8}.Debug|Any CPU.ActiveCfg = Debug|Any CPU
		{6743759C-706D-4913-BF74-CF9E5E3B51C8}.Debug|Any CPU.Build.0 = Debug|Any CPU
		{6743759C-706D-4913-BF74-CF9E5E3B51C8}.Debug|Any CPU.Deploy.0 = Debug|Any CPU
		{6743759C-706D-4913-BF74-CF9E5E3B51C8}.Debug|ARM.ActiveCfg = Debug|ARM
		{6743759C-706D-4913-BF74-CF9E5E3B51C8}.Debug|ARM.Build.0 = Debug|ARM
		{6743759C-706D-4913-BF74-CF9E5E3B51C8}.Debug|ARM.Deploy.0 = Debug|ARM
		{6743759C-706D-4913-BF74-CF9E5E3B51C8}.Debug|iPhone.ActiveCfg = Debug|Any CPU
		{6743759C-706D-4913-BF74-CF9E5E3B51C8}.Debug|iPhoneSimulator.ActiveCfg = Debug|Any CPU
		{6743759C-706D-4913-BF74-CF9E5E3B51C8}.Debug|Mixed Platforms.ActiveCfg = Debug|x86
		{6743759C-706D-4913-BF74-CF9E5E3B51C8}.Debug|Mixed Platforms.Build.0 = Debug|x86
		{6743759C-706D-4913-BF74-CF9E5E3B51C8}.Debug|Mixed Platforms.Deploy.0 = Debug|x86
		{6743759C-706D-4913-BF74-CF9E5E3B51C8}.Debug|x86.ActiveCfg = Debug|x86
		{6743759C-706D-4913-BF74-CF9E5E3B51C8}.Debug|x86.Build.0 = Debug|x86
		{6743759C-706D-4913-BF74-CF9E5E3B51C8}.Debug|x86.Deploy.0 = Debug|x86
		{6743759C-706D-4913-BF74-CF9E5E3B51C8}.Release|Any CPU.ActiveCfg = Release|Any CPU
		{6743759C-706D-4913-BF74-CF9E5E3B51C8}.Release|Any CPU.Build.0 = Release|Any CPU
		{6743759C-706D-4913-BF74-CF9E5E3B51C8}.Release|Any CPU.Deploy.0 = Release|Any CPU
		{6743759C-706D-4913-BF74-CF9E5E3B51C8}.Release|ARM.ActiveCfg = Release|ARM
		{6743759C-706D-4913-BF74-CF9E5E3B51C8}.Release|ARM.Build.0 = Release|ARM
		{6743759C-706D-4913-BF74-CF9E5E3B51C8}.Release|ARM.Deploy.0 = Release|ARM
		{6743759C-706D-4913-BF74-CF9E5E3B51C8}.Release|iPhone.ActiveCfg = Release|Any CPU
		{6743759C-706D-4913-BF74-CF9E5E3B51C8}.Release|iPhoneSimulator.ActiveCfg = Release|Any CPU
		{6743759C-706D-4913-BF74-CF9E5E3B51C8}.Release|Mixed Platforms.ActiveCfg = Release|x86
		{6743759C-706D-4913-BF74-CF9E5E3B51C8}.Release|Mixed Platforms.Build.0 = Release|x86
		{6743759C-706D-4913-BF74-CF9E5E3B51C8}.Release|Mixed Platforms.Deploy.0 = Release|x86
		{6743759C-706D-4913-BF74-CF9E5E3B51C8}.Release|x86.ActiveCfg = Release|x86
		{6743759C-706D-4913-BF74-CF9E5E3B51C8}.Release|x86.Build.0 = Release|x86
		{6743759C-706D-4913-BF74-CF9E5E3B51C8}.Release|x86.Deploy.0 = Release|x86
	EndGlobalSection
	GlobalSection(SolutionProperties) = preSolution
		HideSolutionNode = FALSE
	EndGlobalSection
EndGlobal
